
Microsoft Visual Studio Solution File, Format Version 12.00
# Visual Studio Version 17
VisualStudioVersion = 17.0.31903.59
MinimumVisualStudioVersion = 10.0.40219.1
Project("{FAE04EC0-301F-11D3-BF4B-00C04F79EFBC}") = "TaskTrack.API", "TaskTrack.API\TaskTrack.API.csproj", "{AA865247-5EE1-42A2-92EE-BAA4F7A0BF45}"
EndProject
Project("{FAE04EC0-301F-11D3-BF4B-00C04F79EFBC}") = "TaskTrack.Repo", "TaskTrack.Repo\TaskTrack.Repo.csproj", "{1E014632-96DE-488E-9854-75EA9FD3B525}"
EndProject
Project("{FAE04EC0-301F-11D3-BF4B-00C04F79EFBC}") = "TaskTrack.Service", "TaskTrack.Service\TaskTrack.Service.csproj", "{D9EEAF2C-9D79-45F6-85F2-7A41F1DAEF49}"
EndProject
Global
	GlobalSection(SolutionConfigurationPlatforms) = preSolution
		Debug|Any CPU = Debug|Any CPU
		Debug|x64 = Debug|x64
		Debug|x86 = Debug|x86
		Release|Any CPU = Release|Any CPU
		Release|x64 = Release|x64
		Release|x86 = Release|x86
	EndGlobalSection
	GlobalSection(ProjectConfigurationPlatforms) = postSolution
		{AA865247-5EE1-42A2-92EE-BAA4F7A0BF45}.Debug|Any CPU.ActiveCfg = Debug|Any CPU
		{AA865247-5EE1-42A2-92EE-BAA4F7A0BF45}.Debug|Any CPU.Build.0 = Debug|Any CPU
		{AA865247-5EE1-42A2-92EE-BAA4F7A0BF45}.Debug|x64.ActiveCfg = Debug|Any CPU
		{AA865247-5EE1-42A2-92EE-BAA4F7A0BF45}.Debug|x64.Build.0 = Debug|Any CPU
		{AA865247-5EE1-42A2-92EE-BAA4F7A0BF45}.Debug|x86.ActiveCfg = Debug|Any CPU
		{AA865247-5EE1-42A2-92EE-BAA4F7A0BF45}.Debug|x86.Build.0 = Debug|Any CPU
		{AA865247-5EE1-42A2-92EE-BAA4F7A0BF45}.Release|Any CPU.ActiveCfg = Release|Any CPU
		{AA865247-5EE1-42A2-92EE-BAA4F7A0BF45}.Release|Any CPU.Build.0 = Release|Any CPU
		{AA865247-5EE1-42A2-92EE-BAA4F7A0BF45}.Release|x64.ActiveCfg = Release|Any CPU
		{AA865247-5EE1-42A2-92EE-BAA4F7A0BF45}.Release|x64.Build.0 = Release|Any CPU
		{AA865247-5EE1-42A2-92EE-BAA4F7A0BF45}.Release|x86.ActiveCfg = Release|Any CPU
		{AA865247-5EE1-42A2-92EE-BAA4F7A0BF45}.Release|x86.Build.0 = Release|Any CPU
		{1E014632-96DE-488E-9854-75EA9FD3B525}.Debug|Any CPU.ActiveCfg = Debug|Any CPU
		{1E014632-96DE-488E-9854-75EA9FD3B525}.Debug|Any CPU.Build.0 = Debug|Any CPU
		{1E014632-96DE-488E-9854-75EA9FD3B525}.Debug|x64.ActiveCfg = Debug|Any CPU
		{1E014632-96DE-488E-9854-75EA9FD3B525}.Debug|x64.Build.0 = Debug|Any CPU
		{1E014632-96DE-488E-9854-75EA9FD3B525}.Debug|x86.ActiveCfg = Debug|Any CPU
		{1E014632-96DE-488E-9854-75EA9FD3B525}.Debug|x86.Build.0 = Debug|Any CPU
		{1E014632-96DE-488E-9854-75EA9FD3B525}.Release|Any CPU.ActiveCfg = Release|Any CPU
		{1E014632-96DE-488E-9854-75EA9FD3B525}.Release|Any CPU.Build.0 = Release|Any CPU
		{1E014632-96DE-488E-9854-75EA9FD3B525}.Release|x64.ActiveCfg = Release|Any CPU
		{1E014632-96DE-488E-9854-75EA9FD3B525}.Release|x64.Build.0 = Release|Any CPU
		{1E014632-96DE-488E-9854-75EA9FD3B525}.Release|x86.ActiveCfg = Release|Any CPU
		{1E014632-96DE-488E-9854-75EA9FD3B525}.Release|x86.Build.0 = Release|Any CPU
		{D9EEAF2C-9D79-45F6-85F2-7A41F1DAEF49}.Debug|Any CPU.ActiveCfg = Debug|Any CPU
		{D9EEAF2C-9D79-45F6-85F2-7A41F1DAEF49}.Debug|Any CPU.Build.0 = Debug|Any CPU
		{D9EEAF2C-9D79-45F6-85F2-7A41F1DAEF49}.Debug|x64.ActiveCfg = Debug|Any CPU
		{D9EEAF2C-9D79-45F6-85F2-7A41F1DAEF49}.Debug|x64.Build.0 = Debug|Any CPU
		{D9EEAF2C-9D79-45F6-85F2-7A41F1DAEF49}.Debug|x86.ActiveCfg = Debug|Any CPU
		{D9EEAF2C-9D79-45F6-85F2-7A41F1DAEF49}.Debug|x86.Build.0 = Debug|Any CPU
		{D9EEAF2C-9D79-45F6-85F2-7A41F1DAEF49}.Release|Any CPU.ActiveCfg = Release|Any CPU
		{D9EEAF2C-9D79-45F6-85F2-7A41F1DAEF49}.Release|Any CPU.Build.0 = Release|Any CPU
		{D9EEAF2C-9D79-45F6-85F2-7A41F1DAEF49}.Release|x64.ActiveCfg = Release|Any CPU
		{D9EEAF2C-9D79-45F6-85F2-7A41F1DAEF49}.Release|x64.Build.0 = Release|Any CPU
		{D9EEAF2C-9D79-45F6-85F2-7A41F1DAEF49}.Release|x86.ActiveCfg = Release|Any CPU
		{D9EEAF2C-9D79-45F6-85F2-7A41F1DAEF49}.Release|x86.Build.0 = Release|Any CPU
	EndGlobalSection
	GlobalSection(SolutionProperties) = preSolution
		HideSolutionNode = FALSE
	EndGlobalSection
EndGlobal
